
Microsoft Visual Studio Solution File, Format Version 12.00
# Visual Studio Version 16
VisualStudioVersion = 16.0.30711.63
MinimumVisualStudioVersion = 10.0.40219.1
Project("{9A19103F-16F7-4668-BE54-9A1E7A4F7556}") = "KampIntro", "KampIntro\KampIntro.csproj", "{924607D9-E3BB-413B-B61E-82B0C5FAB2C5}"
EndProject
Project("{9A19103F-16F7-4668-BE54-9A1E7A4F7556}") = "Donguler", "Donguler\Donguler.csproj", "{B9DC4116-AEF2-4099-A51D-6227020096BB}"
EndProject
Project("{9A19103F-16F7-4668-BE54-9A1E7A4F7556}") = "ClassIntro", "ClassIntro\ClassIntro.csproj", "{7F40BFF9-D94C-412E-A845-F8FF532F92BF}"
EndProject
Project("{9A19103F-16F7-4668-BE54-9A1E7A4F7556}") = "Methotlar", "Methotlar\Methotlar.csproj", "{D5443BC3-6855-4B47-94E2-F8348572F437}"
EndProject
Project("{9A19103F-16F7-4668-BE54-9A1E7A4F7556}") = "Matematik", "Matematik\Matematik.csproj", "{BD21EF84-EA83-421E-A60E-4A9ECCC24F01}"
EndProject
Project("{9A19103F-16F7-4668-BE54-9A1E7A4F7556}") = "DegerVeReferansTipler", "DegerVeReferansTipler\DegerVeReferansTipler.csproj", "{C49AB7A5-AC76-4FEF-A653-372AE59E7653}"
EndProject
Project("{9A19103F-16F7-4668-BE54-9A1E7A4F7556}") = "OOP1", "OOP1\OOP1.csproj", "{47464649-42D0-4156-9C51-1F428DB35DE6}"
EndProject
Project("{9A19103F-16F7-4668-BE54-9A1E7A4F7556}") = "Koleksiyonlar", "Koleksiyonlar\Koleksiyonlar.csproj", "{39B9E3EB-9452-40D5-B11C-AE39A2DDF0B4}"
EndProject
Project("{9A19103F-16F7-4668-BE54-9A1E7A4F7556}") = "GenericsIntro", "GenericsIntro\GenericsIntro.csproj", "{2DF6EE8E-C374-4308-9CC1-2E731B6811C8}"
EndProject
Project("{9A19103F-16F7-4668-BE54-9A1E7A4F7556}") = "GenericOdev", "GenericOdev\GenericOdev.csproj", "{2B681AE0-0D6C-4BF8-AF5A-BD9D57D31614}"
EndProject
Project("{FAE04EC0-301F-11D3-BF4B-00C04F79EFBC}") = "OOP2", "OOP2\OOP2.csproj", "{4AB77335-6B98-4AB1-9905-06BDFABC98BA}"
EndProject
Project("{FAE04EC0-301F-11D3-BF4B-00C04F79EFBC}") = "OOP3", "OOP3\OOP3.csproj", "{E7E105C2-17C0-4D55-AE79-14D0C1D04B73}"
EndProject
Global
	GlobalSection(SolutionConfigurationPlatforms) = preSolution
		Debug|Any CPU = Debug|Any CPU
		Release|Any CPU = Release|Any CPU
	EndGlobalSection
	GlobalSection(ProjectConfigurationPlatforms) = postSolution
		{924607D9-E3BB-413B-B61E-82B0C5FAB2C5}.Debug|Any CPU.ActiveCfg = Debug|Any CPU
		{924607D9-E3BB-413B-B61E-82B0C5FAB2C5}.Debug|Any CPU.Build.0 = Debug|Any CPU
		{924607D9-E3BB-413B-B61E-82B0C5FAB2C5}.Release|Any CPU.ActiveCfg = Release|Any CPU
		{924607D9-E3BB-413B-B61E-82B0C5FAB2C5}.Release|Any CPU.Build.0 = Release|Any CPU
		{B9DC4116-AEF2-4099-A51D-6227020096BB}.Debug|Any CPU.ActiveCfg = Debug|Any CPU
		{B9DC4116-AEF2-4099-A51D-6227020096BB}.Debug|Any CPU.Build.0 = Debug|Any CPU
		{B9DC4116-AEF2-4099-A51D-6227020096BB}.Release|Any CPU.ActiveCfg = Release|Any CPU
		{B9DC4116-AEF2-4099-A51D-6227020096BB}.Release|Any CPU.Build.0 = Release|Any CPU
		{7F40BFF9-D94C-412E-A845-F8FF532F92BF}.Debug|Any CPU.ActiveCfg = Debug|Any CPU
		{7F40BFF9-D94C-412E-A845-F8FF532F92BF}.Debug|Any CPU.Build.0 = Debug|Any CPU
		{7F40BFF9-D94C-412E-A845-F8FF532F92BF}.Release|Any CPU.ActiveCfg = Release|Any CPU
		{7F40BFF9-D94C-412E-A845-F8FF532F92BF}.Release|Any CPU.Build.0 = Release|Any CPU
		{D5443BC3-6855-4B47-94E2-F8348572F437}.Debug|Any CPU.ActiveCfg = Debug|Any CPU
		{D5443BC3-6855-4B47-94E2-F8348572F437}.Debug|Any CPU.Build.0 = Debug|Any CPU
		{D5443BC3-6855-4B47-94E2-F8348572F437}.Release|Any CPU.ActiveCfg = Release|Any CPU
		{D5443BC3-6855-4B47-94E2-F8348572F437}.Release|Any CPU.Build.0 = Release|Any CPU
		{BD21EF84-EA83-421E-A60E-4A9ECCC24F01}.Debug|Any CPU.ActiveCfg = Debug|Any CPU
		{BD21EF84-EA83-421E-A60E-4A9ECCC24F01}.Debug|Any CPU.Build.0 = Debug|Any CPU
		{BD21EF84-EA83-421E-A60E-4A9ECCC24F01}.Release|Any CPU.ActiveCfg = Release|Any CPU
		{BD21EF84-EA83-421E-A60E-4A9ECCC24F01}.Release|Any CPU.Build.0 = Release|Any CPU
		{C49AB7A5-AC76-4FEF-A653-372AE59E7653}.Debug|Any CPU.ActiveCfg = Debug|Any CPU
		{C49AB7A5-AC76-4FEF-A653-372AE59E7653}.Debug|Any CPU.Build.0 = Debug|Any CPU
		{C49AB7A5-AC76-4FEF-A653-372AE59E7653}.Release|Any CPU.ActiveCfg = Release|Any CPU
		{C49AB7A5-AC76-4FEF-A653-372AE59E7653}.Release|Any CPU.Build.0 = Release|Any CPU
		{47464649-42D0-4156-9C51-1F428DB35DE6}.Debug|Any CPU.ActiveCfg = Debug|Any CPU
		{47464649-42D0-4156-9C51-1F428DB35DE6}.Debug|Any CPU.Build.0 = Debug|Any CPU
		{47464649-42D0-4156-9C51-1F428DB35DE6}.Release|Any CPU.ActiveCfg = Release|Any CPU
		{47464649-42D0-4156-9C51-1F428DB35DE6}.Release|Any CPU.Build.0 = Release|Any CPU
		{39B9E3EB-9452-40D5-B11C-AE39A2DDF0B4}.Debug|Any CPU.ActiveCfg = Debug|Any CPU
		{39B9E3EB-9452-40D5-B11C-AE39A2DDF0B4}.Debug|Any CPU.Build.0 = Debug|Any CPU
		{39B9E3EB-9452-40D5-B11C-AE39A2DDF0B4}.Release|Any CPU.ActiveCfg = Release|Any CPU
		{39B9E3EB-9452-40D5-B11C-AE39A2DDF0B4}.Release|Any CPU.Build.0 = Release|Any CPU
		{2DF6EE8E-C374-4308-9CC1-2E731B6811C8}.Debug|Any CPU.ActiveCfg = Debug|Any CPU
		{2DF6EE8E-C374-4308-9CC1-2E731B6811C8}.Debug|Any CPU.Build.0 = Debug|Any CPU
		{2DF6EE8E-C374-4308-9CC1-2E731B6811C8}.Release|Any CPU.ActiveCfg = Release|Any CPU
		{2DF6EE8E-C374-4308-9CC1-2E731B6811C8}.Release|Any CPU.Build.0 = Release|Any CPU
		{2B681AE0-0D6C-4BF8-AF5A-BD9D57D31614}.Debug|Any CPU.ActiveCfg = Debug|Any CPU
		{2B681AE0-0D6C-4BF8-AF5A-BD9D57D31614}.Debug|Any CPU.Build.0 = Debug|Any CPU
		{2B681AE0-0D6C-4BF8-AF5A-BD9D57D31614}.Release|Any CPU.ActiveCfg = Release|Any CPU
		{2B681AE0-0D6C-4BF8-AF5A-BD9D57D31614}.Release|Any CPU.Build.0 = Release|Any CPU
		{4AB77335-6B98-4AB1-9905-06BDFABC98BA}.Debug|Any CPU.ActiveCfg = Debug|Any CPU
		{4AB77335-6B98-4AB1-9905-06BDFABC98BA}.Debug|Any CPU.Build.0 = Debug|Any CPU
		{4AB77335-6B98-4AB1-9905-06BDFABC98BA}.Release|Any CPU.ActiveCfg = Release|Any CPU
		{4AB77335-6B98-4AB1-9905-06BDFABC98BA}.Release|Any CPU.Build.0 = Release|Any CPU
		{E7E105C2-17C0-4D55-AE79-14D0C1D04B73}.Debug|Any CPU.ActiveCfg = Debug|Any CPU
		{E7E105C2-17C0-4D55-AE79-14D0C1D04B73}.Debug|Any CPU.Build.0 = Debug|Any CPU
		{E7E105C2-17C0-4D55-AE79-14D0C1D04B73}.Release|Any CPU.ActiveCfg = Release|Any CPU
		{E7E105C2-17C0-4D55-AE79-14D0C1D04B73}.Release|Any CPU.Build.0 = Release|Any CPU
	EndGlobalSection
	GlobalSection(SolutionProperties) = preSolution
		HideSolutionNode = FALSE
	EndGlobalSection
	GlobalSection(ExtensibilityGlobals) = postSolution
		SolutionGuid = {EC8A4840-9A93-4275-9CB3-E8811F09B107}
	EndGlobalSection
EndGlobal
